
Microsoft Visual Studio Solution File, Format Version 12.00
# Visual Studio Version 16
VisualStudioVersion = 16.0.32413.511
MinimumVisualStudioVersion = 10.0.40219.1
Project("{8BC9CEB8-8B4A-11D0-8D11-00A0C91BC942}") = "Introduction", "Introduction\Introduction.vcxproj", "{2A403767-6D5D-4824-B9AA-F1E96D844F4B}"
EndProject
Project("{8BC9CEB8-8B4A-11D0-8D11-00A0C91BC942}") = "DeducingTypes", "DeducingTypes\DeducingTypes.vcxproj", "{C120D2E9-B78B-40C9-BDE5-2B9E2BD4FB5A}"
EndProject
Project("{8BC9CEB8-8B4A-11D0-8D11-00A0C91BC942}") = "Auto", "Auto\Auto.vcxproj", "{3F9A34F5-AD36-4E1A-B5FE-2868D633334A}"
EndProject
Global
	GlobalSection(SolutionConfigurationPlatforms) = preSolution
		Debug|x64 = Debug|x64
		Debug|x86 = Debug|x86
		Release|x64 = Release|x64
		Release|x86 = Release|x86
	EndGlobalSection
	GlobalSection(ProjectConfigurationPlatforms) = postSolution
		{2A403767-6D5D-4824-B9AA-F1E96D844F4B}.Debug|x64.ActiveCfg = Debug|x64
		{2A403767-6D5D-4824-B9AA-F1E96D844F4B}.Debug|x64.Build.0 = Debug|x64
		{2A403767-6D5D-4824-B9AA-F1E96D844F4B}.Debug|x86.ActiveCfg = Debug|Win32
		{2A403767-6D5D-4824-B9AA-F1E96D844F4B}.Debug|x86.Build.0 = Debug|Win32
		{2A403767-6D5D-4824-B9AA-F1E96D844F4B}.Release|x64.ActiveCfg = Release|x64
		{2A403767-6D5D-4824-B9AA-F1E96D844F4B}.Release|x64.Build.0 = Release|x64
		{2A403767-6D5D-4824-B9AA-F1E96D844F4B}.Release|x86.ActiveCfg = Release|Win32
		{2A403767-6D5D-4824-B9AA-F1E96D844F4B}.Release|x86.Build.0 = Release|Win32
		{C120D2E9-B78B-40C9-BDE5-2B9E2BD4FB5A}.Debug|x64.ActiveCfg = Debug|x64
		{C120D2E9-B78B-40C9-BDE5-2B9E2BD4FB5A}.Debug|x64.Build.0 = Debug|x64
		{C120D2E9-B78B-40C9-BDE5-2B9E2BD4FB5A}.Debug|x86.ActiveCfg = Debug|Win32
		{C120D2E9-B78B-40C9-BDE5-2B9E2BD4FB5A}.Debug|x86.Build.0 = Debug|Win32
		{C120D2E9-B78B-40C9-BDE5-2B9E2BD4FB5A}.Release|x64.ActiveCfg = Release|x64
		{C120D2E9-B78B-40C9-BDE5-2B9E2BD4FB5A}.Release|x64.Build.0 = Release|x64
		{C120D2E9-B78B-40C9-BDE5-2B9E2BD4FB5A}.Release|x86.ActiveCfg = Release|Win32
		{C120D2E9-B78B-40C9-BDE5-2B9E2BD4FB5A}.Release|x86.Build.0 = Release|Win32
		{3F9A34F5-AD36-4E1A-B5FE-2868D633334A}.Debug|x64.ActiveCfg = Debug|x64
		{3F9A34F5-AD36-4E1A-B5FE-2868D633334A}.Debug|x64.Build.0 = Debug|x64
		{3F9A34F5-AD36-4E1A-B5FE-2868D633334A}.Debug|x86.ActiveCfg = Debug|Win32
		{3F9A34F5-AD36-4E1A-B5FE-2868D633334A}.Debug|x86.Build.0 = Debug|Win32
		{3F9A34F5-AD36-4E1A-B5FE-2868D633334A}.Release|x64.ActiveCfg = Release|x64
		{3F9A34F5-AD36-4E1A-B5FE-2868D633334A}.Release|x64.Build.0 = Release|x64
		{3F9A34F5-AD36-4E1A-B5FE-2868D633334A}.Release|x86.ActiveCfg = Release|Win32
		{3F9A34F5-AD36-4E1A-B5FE-2868D633334A}.Release|x86.Build.0 = Release|Win32
	EndGlobalSection
	GlobalSection(SolutionProperties) = preSolution
		HideSolutionNode = FALSE
	EndGlobalSection
	GlobalSection(ExtensibilityGlobals) = postSolution
		SolutionGuid = {0BD64F00-C3E5-4D9D-A0EE-D88F1A56C1F9}
	EndGlobalSection
EndGlobal
